{
  "originHash" : "f93919909baa187eb213c83b41a082bf80b5133b9e97bec5a0bd8cd0ac508221",
  "pins" : [
    {
      "identity" : "zipfoundation",
      "kind" : "remoteSourceControl",
      "location" : "https://github.com/weichsel/ZIPFoundation.git",
      "state" : {
        "revision" : "22787ffb59de99e5dc1fbfe80b19c97a904ad48d",
        "version" : "0.9.20"
      }
    }
  ],
  "version" : 3
}
