{
  "originHash" : "215064d1c3e703db2043c0ac2c989471cf7efdbb55f4d45f4d00d6f935127962",
  "pins" : [
    {
      "identity" : "swift-argument-parser",
      "kind" : "remoteSourceControl",
      "location" : "https://github.com/apple/swift-argument-parser",
      "state" : {
        "revision" : "ca37474853a4b5f59a22c74bfdd449b1f6bc4cc2",
        "version" : "1.8.1"
      }
    },
    {
      "identity" : "swift-collections",
      "kind" : "remoteSourceControl",
      "location" : "https://github.com/apple/swift-collections",
      "state" : {
        "revision" : "fea17c02d767f46b23070fdfdacc28a03a39232a",
        "version" : "1.5.1"
      }
    },
    {
      "identity" : "swift-java",
      "kind" : "remoteSourceControl",
      "location" : "https://github.com/swiftlang/swift-java.git",
      "state" : {
        "revision" : "bb53878752dfcd0c3ee7bd630661ddb348d9b939",
        "version" : "0.4.0"
      }
    },
    {
      "identity" : "swift-java-jni-core",
      "kind" : "remoteSourceControl",
      "location" : "https://github.com/swiftlang/swift-java-jni-core",
      "state" : {
        "revision" : "b440a0be98381550cf189c903782e817619ffa05",
        "version" : "0.5.1"
      }
    },
    {
      "identity" : "swift-log",
      "kind" : "remoteSourceControl",
      "location" : "https://github.com/apple/swift-log",
      "state" : {
        "revision" : "5073617dac96330a486245e4c0179cb0a6fd2256",
        "version" : "1.12.0"
      }
    },
    {
      "identity" : "swift-subprocess",
      "kind" : "remoteSourceControl",
      "location" : "https://github.com/swiftlang/swift-subprocess.git",
      "state" : {
        "revision" : "13d087685b95d64d6aac9b94500d347bbe84c39b",
        "version" : "0.4.0"
      }
    },
    {
      "identity" : "swift-syntax",
      "kind" : "remoteSourceControl",
      "location" : "https://github.com/swiftlang/swift-syntax",
      "state" : {
        "revision" : "9de99a78f099e59caf2b2beec65a4c45d54b2081",
        "version" : "603.0.1"
      }
    },
    {
      "identity" : "swift-system",
      "kind" : "remoteSourceControl",
      "location" : "https://github.com/apple/swift-system",
      "state" : {
        "revision" : "7c6ad0fc39d0763e0b699210e4124afd5041c5df",
        "version" : "1.6.4"
      }
    },
    {
      "identity" : "swift-wirelet",
      "kind" : "remoteSourceControl",
      "location" : "https://github.com/jiyimeta/swift-wirelet.git",
      "state" : {
        "revision" : "40519125520fc8892484c784061d1b8b8656d2f8",
        "version" : "0.4.0"
      }
    }
  ],
  "version" : 3
}
